// !$*UTF8*$!
{
	archiveVersion = 1;
	classes = {
	};
	objectVersion = 46;
	objects = {

/* Begin PBXBuildFile section */
		DE4D351117FB20E300B878A5 /* best_genome.txt in Copy Files */ = {isa = PBXBuildFile; fileRef = DE4D351017FB20BF00B878A5 /* best_genome.txt */; };
		DE4D351217FB20E300B878A5 /* twitter.csv in Copy Files */ = {isa = PBXBuildFile; fileRef = DE4D350F17FB20AF00B878A5 /* twitter.csv */; };
		DE4D351B17FB213E00B878A5 /* EnumeratedSentence.cpp in Sources */ = {isa = PBXBuildFile; fileRef = DEDD1A4517EDF6A700C83517 /* EnumeratedSentence.cpp */; };
		DE4D351C17FB213E00B878A5 /* FFTClassifier.cpp in Sources */ = {isa = PBXBuildFile; fileRef = DEDD1A4217EDF5A100C83517 /* FFTClassifier.cpp */; };
		DE4D351D17FB213E00B878A5 /* FloatingFloatBuffer.cpp in Sources */ = {isa = PBXBuildFile; fileRef = DE6630E217EF459200EFE393 /* FloatingFloatBuffer.cpp */; };
		DE4D351E17FB213E00B878A5 /* HMStringEnumerator.cpp in Sources */ = {isa = PBXBuildFile; fileRef = DEDD1A3117E9C2AD00C83517 /* HMStringEnumerator.cpp */; };
		DE4D351F17FB215D00B878A5 /* sfmt.cpp in Sources */ = {isa = PBXBuildFile; fileRef = DEAC8AF517F73662009888C6 /* sfmt.cpp */; };
		DE4D352017FB215D00B878A5 /* KCrossEvaluator.cpp in Sources */ = {isa = PBXBuildFile; fileRef = DE9AAA4817F4DB5100531FCE /* KCrossEvaluator.cpp */; };
		DE4D352117FB215D00B878A5 /* PLSentenceSource.cpp in Sources */ = {isa = PBXBuildFile; fileRef = DE9648C817E89B9A00BE46A5 /* PLSentenceSource.cpp */; };
		DE4D352217FB215D00B878A5 /* Sentence.cpp in Sources */ = {isa = PBXBuildFile; fileRef = DE9648CE17E8CCF500BE46A5 /* Sentence.cpp */; };
		DE4D352317FB215D00B878A5 /* SentiWordScorer.cpp in Sources */ = {isa = PBXBuildFile; fileRef = DEDD1A3617EDC2EF00C83517 /* SentiWordScorer.cpp */; };
		DE4D352417FB215D00B878A5 /* SignMetaClassifier.cpp in Sources */ = {isa = PBXBuildFile; fileRef = DE9C17CB17F380AE00418017 /* SignMetaClassifier.cpp */; };
		DE4D352517FB215D00B878A5 /* TokenizedSentence.cpp in Sources */ = {isa = PBXBuildFile; fileRef = DEDD1A3C17EDEEF600C83517 /* TokenizedSentence.cpp */; };
		DE4D352617FB215D00B878A5 /* WhitespaceTokenizer.cpp in Sources */ = {isa = PBXBuildFile; fileRef = DE9648D717E8D19B00BE46A5 /* WhitespaceTokenizer.cpp */; };
		DE4D352717FB215D00B878A5 /* WordToken.cpp in Sources */ = {isa = PBXBuildFile; fileRef = DE9648D417E8D07000BE46A5 /* WordToken.cpp */; };
		DE4D352817FB215D00B878A5 /* SentiWordTokenizer.cpp in Sources */ = {isa = PBXBuildFile; fileRef = DE9AAA4B17F59B1D00531FCE /* SentiWordTokenizer.cpp */; };
		DE4D352917FB215D00B878A5 /* SentiWordNetReader.cpp in Sources */ = {isa = PBXBuildFile; fileRef = DE9AAA4E17F5A7AB00531FCE /* SentiWordNetReader.cpp */; };
		DE4D352A17FB215D00B878A5 /* Evolver.cpp in Sources */ = {isa = PBXBuildFile; fileRef = DEAC8AE917F5E364009888C6 /* Evolver.cpp */; };
		DE4D352B17FB215D00B878A5 /* ExportedGenomeScorer.cpp in Sources */ = {isa = PBXBuildFile; fileRef = DEAC8B5517F96B54009888C6 /* ExportedGenomeScorer.cpp */; };
		DE4D352C17FB216C00B878A5 /* Sentiment.cpp in Sources */ = {isa = PBXBuildFile; fileRef = DE9648BF17E89B3300BE46A5 /* Sentiment.cpp */; };
		DE4D352D17FB217300B878A5 /* libNebraska.dylib in Frameworks */ = {isa = PBXBuildFile; fileRef = DE4D351717FB211E00B878A5 /* libNebraska.dylib */; };
		DE9648C217E89B3300BE46A5 /* Sentiment.1 in Copy Files */ = {isa = PBXBuildFile; fileRef = DE9648C117E89B3300BE46A5 /* Sentiment.1 */; };
		DE9648CD17E8AEA100BE46A5 /* sentences.csv in Copy Files */ = {isa = PBXBuildFile; fileRef = DE9648CB17E8AAFA00BE46A5 /* sentences.csv */; };
		DEAC8B3D17F9699B009888C6 /* main.cpp in Sources */ = {isa = PBXBuildFile; fileRef = DEAC8B3C17F9699B009888C6 /* main.cpp */; };
		DEAC8B3F17F9699B009888C6 /* GenomeDemo.1 in CopyFiles */ = {isa = PBXBuildFile; fileRef = DEAC8B3E17F9699B009888C6 /* GenomeDemo.1 */; };
		DEAC8B4317F96A2C009888C6 /* EnumeratedSentence.cpp in Sources */ = {isa = PBXBuildFile; fileRef = DEDD1A4517EDF6A700C83517 /* EnumeratedSentence.cpp */; };
		DEAC8B4417F96A2C009888C6 /* FFTClassifier.cpp in Sources */ = {isa = PBXBuildFile; fileRef = DEDD1A4217EDF5A100C83517 /* FFTClassifier.cpp */; };
		DEAC8B4517F96A2C009888C6 /* FloatingFloatBuffer.cpp in Sources */ = {isa = PBXBuildFile; fileRef = DE6630E217EF459200EFE393 /* FloatingFloatBuffer.cpp */; };
		DEAC8B4617F96A2C009888C6 /* HMStringEnumerator.cpp in Sources */ = {isa = PBXBuildFile; fileRef = DEDD1A3117E9C2AD00C83517 /* HMStringEnumerator.cpp */; };
		DEAC8B4717F96A2C009888C6 /* KCrossEvaluator.cpp in Sources */ = {isa = PBXBuildFile; fileRef = DE9AAA4817F4DB5100531FCE /* KCrossEvaluator.cpp */; };
		DEAC8B4817F96A2C009888C6 /* PLSentenceSource.cpp in Sources */ = {isa = PBXBuildFile; fileRef = DE9648C817E89B9A00BE46A5 /* PLSentenceSource.cpp */; };
		DEAC8B4917F96A2C009888C6 /* Sentence.cpp in Sources */ = {isa = PBXBuildFile; fileRef = DE9648CE17E8CCF500BE46A5 /* Sentence.cpp */; };
		DEAC8B4A17F96A2C009888C6 /* SentiWordScorer.cpp in Sources */ = {isa = PBXBuildFile; fileRef = DEDD1A3617EDC2EF00C83517 /* SentiWordScorer.cpp */; };
		DEAC8B4B17F96A2C009888C6 /* SignMetaClassifier.cpp in Sources */ = {isa = PBXBuildFile; fileRef = DE9C17CB17F380AE00418017 /* SignMetaClassifier.cpp */; };
		DEAC8B4C17F96A2C009888C6 /* TokenizedSentence.cpp in Sources */ = {isa = PBXBuildFile; fileRef = DEDD1A3C17EDEEF600C83517 /* TokenizedSentence.cpp */; };
		DEAC8B4D17F96A2C009888C6 /* WhitespaceTokenizer.cpp in Sources */ = {isa = PBXBuildFile; fileRef = DE9648D717E8D19B00BE46A5 /* WhitespaceTokenizer.cpp */; };
		DEAC8B4E17F96A2C009888C6 /* WordToken.cpp in Sources */ = {isa = PBXBuildFile; fileRef = DE9648D417E8D07000BE46A5 /* WordToken.cpp */; };
		DEAC8B4F17F96A2C009888C6 /* SentiWordTokenizer.cpp in Sources */ = {isa = PBXBuildFile; fileRef = DE9AAA4B17F59B1D00531FCE /* SentiWordTokenizer.cpp */; };
		DEAC8B5017F96A2C009888C6 /* SentiWordNetReader.cpp in Sources */ = {isa = PBXBuildFile; fileRef = DE9AAA4E17F5A7AB00531FCE /* SentiWordNetReader.cpp */; };
		DEAC8B5817F96D9F009888C6 /* ExportedGenomeScorer.cpp in Sources */ = {isa = PBXBuildFile; fileRef = DEAC8B5517F96B54009888C6 /* ExportedGenomeScorer.cpp */; };
		DEDD1A3517EDC2C600C83517 /* SentiWordNet_3.0.0_20120510.txt in Copy Files */ = {isa = PBXBuildFile; fileRef = DEDD1A3417EDC2B600C83517 /* SentiWordNet_3.0.0_20120510.txt */; };
/* End PBXBuildFile section */

/* Begin PBXContainerItemProxy section */
		DE4D352E17FB218000B878A5 /* PBXContainerItemProxy */ = {
			isa = PBXContainerItemProxy;
			containerPortal = DE9648B217E89B3300BE46A5 /* Project object */;
			proxyType = 1;
			remoteGlobalIDString = DE4D351617FB211E00B878A5;
			remoteInfo = Nebraska;
		};
/* End PBXContainerItemProxy section */

/* Begin PBXCopyFilesBuildPhase section */
		DE9648B917E89B3300BE46A5 /* Copy Files */ = {
			isa = PBXCopyFilesBuildPhase;
			buildActionMask = 2147483647;
			dstPath = /usr/share/man/man1/;
			dstSubfolderSpec = 0;
			files = (
				DE9648C217E89B3300BE46A5 /* Sentiment.1 in Copy Files */,
			);
			name = "Copy Files";
			runOnlyForDeploymentPostprocessing = 1;
		};
		DE9648CC17E8AE8100BE46A5 /* Copy Files */ = {
			isa = PBXCopyFilesBuildPhase;
			buildActionMask = 12;
			dstPath = "";
			dstSubfolderSpec = 16;
			files = (
				DE4D351117FB20E300B878A5 /* best_genome.txt in Copy Files */,
				DE4D351217FB20E300B878A5 /* twitter.csv in Copy Files */,
				DEDD1A3517EDC2C600C83517 /* SentiWordNet_3.0.0_20120510.txt in Copy Files */,
				DE9648CD17E8AEA100BE46A5 /* sentences.csv in Copy Files */,
			);
			name = "Copy Files";
			runOnlyForDeploymentPostprocessing = 0;
		};
		DEAC8B3817F9699B009888C6 /* CopyFiles */ = {
			isa = PBXCopyFilesBuildPhase;
			buildActionMask = 2147483647;
			dstPath = /usr/share/man/man1/;
			dstSubfolderSpec = 0;
			files = (
				DEAC8B3F17F9699B009888C6 /* GenomeDemo.1 in CopyFiles */,
			);
			runOnlyForDeploymentPostprocessing = 1;
		};
/* End PBXCopyFilesBuildPhase section */

/* Begin PBXFileReference section */
		DE4D350F17FB20AF00B878A5 /* twitter.csv */ = {isa = PBXFileReference; fileEncoding = 4; lastKnownFileType = text; path = twitter.csv; sourceTree = "<group>"; };
		DE4D351017FB20BF00B878A5 /* best_genome.txt */ = {isa = PBXFileReference; fileEncoding = 4; lastKnownFileType = text; path = best_genome.txt; sourceTree = "<group>"; };
		DE4D351717FB211E00B878A5 /* libNebraska.dylib */ = {isa = PBXFileReference; explicitFileType = "compiled.mach-o.dylib"; includeInIndex = 0; path = libNebraska.dylib; sourceTree = BUILT_PRODUCTS_DIR; };
		DE6630E217EF459200EFE393 /* FloatingFloatBuffer.cpp */ = {isa = PBXFileReference; fileEncoding = 4; lastKnownFileType = sourcecode.cpp.cpp; path = FloatingFloatBuffer.cpp; sourceTree = "<group>"; };
		DE6630E317EF459300EFE393 /* FloatingFloatBuffer.h */ = {isa = PBXFileReference; fileEncoding = 4; lastKnownFileType = sourcecode.c.h; path = FloatingFloatBuffer.h; sourceTree = "<group>"; };
		DE9648BB17E89B3300BE46A5 /* Sentiment */ = {isa = PBXFileReference; explicitFileType = "compiled.mach-o.executable"; includeInIndex = 0; path = Sentiment; sourceTree = BUILT_PRODUCTS_DIR; };
		DE9648BF17E89B3300BE46A5 /* Sentiment.cpp */ = {isa = PBXFileReference; lastKnownFileType = sourcecode.cpp.cpp; path = Sentiment.cpp; sourceTree = "<group>"; };
		DE9648C117E89B3300BE46A5 /* Sentiment.1 */ = {isa = PBXFileReference; lastKnownFileType = text.man; path = Sentiment.1; sourceTree = "<group>"; };
		DE9648C817E89B9A00BE46A5 /* PLSentenceSource.cpp */ = {isa = PBXFileReference; fileEncoding = 4; lastKnownFileType = sourcecode.cpp.cpp; path = PLSentenceSource.cpp; sourceTree = "<group>"; };
		DE9648C917E89B9A00BE46A5 /* PLSentenceSource.h */ = {isa = PBXFileReference; fileEncoding = 4; lastKnownFileType = sourcecode.c.h; path = PLSentenceSource.h; sourceTree = "<group>"; };
		DE9648CB17E8AAFA00BE46A5 /* sentences.csv */ = {isa = PBXFileReference; fileEncoding = 4; lastKnownFileType = text; path = sentences.csv; sourceTree = "<group>"; };
		DE9648CE17E8CCF500BE46A5 /* Sentence.cpp */ = {isa = PBXFileReference; fileEncoding = 4; lastKnownFileType = sourcecode.cpp.cpp; path = Sentence.cpp; sourceTree = "<group>"; };
		DE9648CF17E8CCF500BE46A5 /* Sentence.h */ = {isa = PBXFileReference; fileEncoding = 4; lastKnownFileType = sourcecode.c.h; path = Sentence.h; sourceTree = "<group>"; };
		DE9648D117E8CE9600BE46A5 /* ISentenceSource.h */ = {isa = PBXFileReference; fileEncoding = 4; lastKnownFileType = sourcecode.c.h; path = ISentenceSource.h; sourceTree = "<group>"; };
		DE9648D217E8CF6D00BE46A5 /* IToken.h */ = {isa = PBXFileReference; lastKnownFileType = sourcecode.c.h; path = IToken.h; sourceTree = "<group>"; };
		DE9648D317E8CFF100BE46A5 /* ITokenizer.h */ = {isa = PBXFileReference; lastKnownFileType = sourcecode.c.h; path = ITokenizer.h; sourceTree = "<group>"; };
		DE9648D417E8D07000BE46A5 /* WordToken.cpp */ = {isa = PBXFileReference; fileEncoding = 4; lastKnownFileType = sourcecode.cpp.cpp; path = WordToken.cpp; sourceTree = "<group>"; };
		DE9648D517E8D07000BE46A5 /* WordToken.h */ = {isa = PBXFileReference; fileEncoding = 4; lastKnownFileType = sourcecode.c.h; path = WordToken.h; sourceTree = "<group>"; };
		DE9648D717E8D19B00BE46A5 /* WhitespaceTokenizer.cpp */ = {isa = PBXFileReference; fileEncoding = 4; lastKnownFileType = sourcecode.cpp.cpp; path = WhitespaceTokenizer.cpp; sourceTree = "<group>"; };
		DE9648D817E8D19B00BE46A5 /* WhitespaceTokenizer.h */ = {isa = PBXFileReference; fileEncoding = 4; lastKnownFileType = sourcecode.c.h; path = WhitespaceTokenizer.h; sourceTree = "<group>"; };
		DE9AAA4817F4DB5100531FCE /* KCrossEvaluator.cpp */ = {isa = PBXFileReference; fileEncoding = 4; lastKnownFileType = sourcecode.cpp.cpp; path = KCrossEvaluator.cpp; sourceTree = "<group>"; };
		DE9AAA4917F4DB5100531FCE /* KCrossEvaluator.h */ = {isa = PBXFileReference; fileEncoding = 4; lastKnownFileType = sourcecode.c.h; path = KCrossEvaluator.h; sourceTree = "<group>"; };
		DE9AAA4B17F59B1D00531FCE /* SentiWordTokenizer.cpp */ = {isa = PBXFileReference; fileEncoding = 4; lastKnownFileType = sourcecode.cpp.cpp; path = SentiWordTokenizer.cpp; sourceTree = "<group>"; };
		DE9AAA4C17F59B1D00531FCE /* SentiWordTokenizer.h */ = {isa = PBXFileReference; fileEncoding = 4; lastKnownFileType = sourcecode.c.h; path = SentiWordTokenizer.h; sourceTree = "<group>"; };
		DE9AAA4E17F5A7AB00531FCE /* SentiWordNetReader.cpp */ = {isa = PBXFileReference; fileEncoding = 4; lastKnownFileType = sourcecode.cpp.cpp; path = SentiWordNetReader.cpp; sourceTree = "<group>"; };
		DE9AAA4F17F5A7AC00531FCE /* SentiWordNetReader.h */ = {isa = PBXFileReference; fileEncoding = 4; lastKnownFileType = sourcecode.c.h; path = SentiWordNetReader.h; sourceTree = "<group>"; };
		DE9C17CA17F34F2A00418017 /* IClassifier.h */ = {isa = PBXFileReference; lastKnownFileType = sourcecode.c.h; path = IClassifier.h; sourceTree = "<group>"; };
		DE9C17CB17F380AE00418017 /* SignMetaClassifier.cpp */ = {isa = PBXFileReference; fileEncoding = 4; lastKnownFileType = sourcecode.cpp.cpp; path = SignMetaClassifier.cpp; sourceTree = "<group>"; };
		DE9C17CC17F380AE00418017 /* SignMetaClassifier.h */ = {isa = PBXFileReference; fileEncoding = 4; lastKnownFileType = sourcecode.c.h; path = SignMetaClassifier.h; sourceTree = "<group>"; };
		DE9C17CE17F447A700418017 /* IMetaClassifier.h */ = {isa = PBXFileReference; lastKnownFileType = sourcecode.c.h; path = IMetaClassifier.h; sourceTree = "<group>"; };
		DE9C17CF17F449B800418017 /* LengthMetaClassifier.h */ = {isa = PBXFileReference; lastKnownFileType = sourcecode.c.h; path = LengthMetaClassifier.h; sourceTree = "<group>"; };
		DE9C17D017F44B7400418017 /* IEvaluationFramework.h */ = {isa = PBXFileReference; lastKnownFileType = sourcecode.c.h; path = IEvaluationFramework.h; sourceTree = "<group>"; };
		DE9C17D117F44E2F00418017 /* SelfEvaluationFramework.h */ = {isa = PBXFileReference; lastKnownFileType = sourcecode.c.h; path = SelfEvaluationFramework.h; sourceTree = "<group>"; };
		DEAC8AE917F5E364009888C6 /* Evolver.cpp */ = {isa = PBXFileReference; fileEncoding = 4; lastKnownFileType = sourcecode.cpp.cpp; path = Evolver.cpp; sourceTree = "<group>"; };
		DEAC8AEA17F5E364009888C6 /* Evolver.h */ = {isa = PBXFileReference; fileEncoding = 4; lastKnownFileType = sourcecode.c.h; path = Evolver.h; sourceTree = "<group>"; };
		DEAC8AED17F73662009888C6 /* ex-ran.cpp */ = {isa = PBXFileReference; fileEncoding = 4; lastKnownFileType = sourcecode.cpp.cpp; path = "ex-ran.cpp"; sourceTree = "<group>"; };
		DEAC8AEE17F73662009888C6 /* license.txt */ = {isa = PBXFileReference; fileEncoding = 4; lastKnownFileType = text; path = license.txt; sourceTree = "<group>"; };
		DEAC8AEF17F73662009888C6 /* mersenne.cpp */ = {isa = PBXFileReference; fileEncoding = 4; lastKnownFileType = sourcecode.cpp.cpp; path = mersenne.cpp; sourceTree = "<group>"; };
		DEAC8AF017F73662009888C6 /* mother.cpp */ = {isa = PBXFileReference; fileEncoding = 4; lastKnownFileType = sourcecode.cpp.cpp; path = mother.cpp; sourceTree = "<group>"; };
		DEAC8AF117F73662009888C6 /* ran-instructions.pdf */ = {isa = PBXFileReference; lastKnownFileType = image.pdf; path = "ran-instructions.pdf"; sourceTree = "<group>"; };
		DEAC8AF217F73662009888C6 /* rancombi.cpp */ = {isa = PBXFileReference; fileEncoding = 4; lastKnownFileType = sourcecode.cpp.cpp; path = rancombi.cpp; sourceTree = "<group>"; };
		DEAC8AF317F73662009888C6 /* randomc.h */ = {isa = PBXFileReference; fileEncoding = 4; lastKnownFileType = sourcecode.c.h; path = randomc.h; sourceTree = "<group>"; };
		DEAC8AF417F73662009888C6 /* readme.txt */ = {isa = PBXFileReference; fileEncoding = 4; lastKnownFileType = text; path = readme.txt; sourceTree = "<group>"; };
		DEAC8AF517F73662009888C6 /* sfmt.cpp */ = {isa = PBXFileReference; fileEncoding = 4; lastKnownFileType = sourcecode.cpp.cpp; path = sfmt.cpp; sourceTree = "<group>"; };
		DEAC8AF617F73662009888C6 /* sfmt.h */ = {isa = PBXFileReference; fileEncoding = 4; lastKnownFileType = sourcecode.c.h; path = sfmt.h; sourceTree = "<group>"; };
		DEAC8AF717F73662009888C6 /* testirandomx.cpp */ = {isa = PBXFileReference; fileEncoding = 4; lastKnownFileType = sourcecode.cpp.cpp; path = testirandomx.cpp; sourceTree = "<group>"; };
		DEAC8AF817F73662009888C6 /* userintf.cpp */ = {isa = PBXFileReference; fileEncoding = 4; lastKnownFileType = sourcecode.cpp.cpp; path = userintf.cpp; sourceTree = "<group>"; };
		DEAC8B3A17F9699B009888C6 /* GenomeDemo */ = {isa = PBXFileReference; explicitFileType = "compiled.mach-o.executable"; includeInIndex = 0; path = GenomeDemo; sourceTree = BUILT_PRODUCTS_DIR; };
		DEAC8B3C17F9699B009888C6 /* main.cpp */ = {isa = PBXFileReference; lastKnownFileType = sourcecode.cpp.cpp; path = main.cpp; sourceTree = "<group>"; };
		DEAC8B3E17F9699B009888C6 /* GenomeDemo.1 */ = {isa = PBXFileReference; lastKnownFileType = text.man; path = GenomeDemo.1; sourceTree = "<group>"; };
		DEAC8B5517F96B54009888C6 /* ExportedGenomeScorer.cpp */ = {isa = PBXFileReference; fileEncoding = 4; lastKnownFileType = sourcecode.cpp.cpp; path = ExportedGenomeScorer.cpp; sourceTree = "<group>"; };
		DEAC8B5617F96B55009888C6 /* ExportedGenomeScorer.h */ = {isa = PBXFileReference; fileEncoding = 4; lastKnownFileType = sourcecode.c.h; path = ExportedGenomeScorer.h; sourceTree = "<group>"; };
		DEAC8B5917F9A716009888C6 /* README.md */ = {isa = PBXFileReference; fileEncoding = 4; lastKnownFileType = text; path = README.md; sourceTree = "<group>"; };
		DEDD1A3017E9C17600C83517 /* IStringEnumerator.h */ = {isa = PBXFileReference; lastKnownFileType = sourcecode.c.h; path = IStringEnumerator.h; sourceTree = "<group>"; };
		DEDD1A3117E9C2AD00C83517 /* HMStringEnumerator.cpp */ = {isa = PBXFileReference; fileEncoding = 4; lastKnownFileType = sourcecode.cpp.cpp; path = HMStringEnumerator.cpp; sourceTree = "<group>"; };
		DEDD1A3217E9C2AD00C83517 /* HMStringEnumerator.h */ = {isa = PBXFileReference; fileEncoding = 4; lastKnownFileType = sourcecode.c.h; path = HMStringEnumerator.h; sourceTree = "<group>"; };
		DEDD1A3417EDC2B600C83517 /* SentiWordNet_3.0.0_20120510.txt */ = {isa = PBXFileReference; fileEncoding = 4; lastKnownFileType = text; path = SentiWordNet_3.0.0_20120510.txt; sourceTree = SOURCE_ROOT; };
		DEDD1A3617EDC2EF00C83517 /* SentiWordScorer.cpp */ = {isa = PBXFileReference; fileEncoding = 4; lastKnownFileType = sourcecode.cpp.cpp; path = SentiWordScorer.cpp; sourceTree = "<group>"; };
		DEDD1A3717EDC2EF00C83517 /* SentiWordScorer.h */ = {isa = PBXFileReference; fileEncoding = 4; lastKnownFileType = sourcecode.c.h; path = SentiWordScorer.h; sourceTree = "<group>"; };
		DEDD1A3C17EDEEF600C83517 /* TokenizedSentence.cpp */ = {isa = PBXFileReference; fileEncoding = 4; lastKnownFileType = sourcecode.cpp.cpp; path = TokenizedSentence.cpp; sourceTree = "<group>"; };
		DEDD1A3D17EDEEF600C83517 /* TokenizedSentence.h */ = {isa = PBXFileReference; fileEncoding = 4; lastKnownFileType = sourcecode.c.h; path = TokenizedSentence.h; sourceTree = "<group>"; };
		DEDD1A4217EDF5A100C83517 /* FFTClassifier.cpp */ = {isa = PBXFileReference; fileEncoding = 4; lastKnownFileType = sourcecode.cpp.cpp; path = FFTClassifier.cpp; sourceTree = "<group>"; };
		DEDD1A4317EDF5A100C83517 /* FFTClassifier.h */ = {isa = PBXFileReference; fileEncoding = 4; lastKnownFileType = sourcecode.c.h; path = FFTClassifier.h; sourceTree = "<group>"; };
		DEDD1A4517EDF6A700C83517 /* EnumeratedSentence.cpp */ = {isa = PBXFileReference; fileEncoding = 4; lastKnownFileType = sourcecode.cpp.cpp; path = EnumeratedSentence.cpp; sourceTree = "<group>"; };
		DEDD1A4617EDF6A700C83517 /* EnumeratedSentence.h */ = {isa = PBXFileReference; fileEncoding = 4; lastKnownFileType = sourcecode.c.h; path = EnumeratedSentence.h; sourceTree = "<group>"; };
/* End PBXFileReference section */

/* Begin PBXFrameworksBuildPhase section */
		DE4D351417FB211E00B878A5 /* Frameworks */ = {
			isa = PBXFrameworksBuildPhase;
			buildActionMask = 2147483647;
			files = (
			);
			runOnlyForDeploymentPostprocessing = 0;
		};
		DE9648B817E89B3300BE46A5 /* Frameworks */ = {
			isa = PBXFrameworksBuildPhase;
			buildActionMask = 2147483647;
			files = (
				DE4D352D17FB217300B878A5 /* libNebraska.dylib in Frameworks */,
			);
			runOnlyForDeploymentPostprocessing = 0;
		};
		DEAC8B3717F9699B009888C6 /* Frameworks */ = {
			isa = PBXFrameworksBuildPhase;
			buildActionMask = 2147483647;
			files = (
			);
			runOnlyForDeploymentPostprocessing = 0;
		};
/* End PBXFrameworksBuildPhase section */

/* Begin PBXGroup section */
		DE9648B017E89B3300BE46A5 = {
			isa = PBXGroup;
			children = (
				DE4D351017FB20BF00B878A5 /* best_genome.txt */,
				DE4D350F17FB20AF00B878A5 /* twitter.csv */,
				DEAC8B5917F9A716009888C6 /* README.md */,
				DEAC8AEC17F73661009888C6 /* randomc */,
				DE9648CB17E8AAFA00BE46A5 /* sentences.csv */,
				DE9648BE17E89B3300BE46A5 /* Sentiment */,
				DEAC8B3B17F9699B009888C6 /* GenomeDemo */,
				DE9648BC17E89B3300BE46A5 /* Products */,
			);
			sourceTree = "<group>";
		};
		DE9648BC17E89B3300BE46A5 /* Products */ = {
			isa = PBXGroup;
			children = (
				DE9648BB17E89B3300BE46A5 /* Sentiment */,
				DEAC8B3A17F9699B009888C6 /* GenomeDemo */,
				DE4D351717FB211E00B878A5 /* libNebraska.dylib */,
			);
			name = Products;
			sourceTree = "<group>";
		};
		DE9648BE17E89B3300BE46A5 /* Sentiment */ = {
			isa = PBXGroup;
			children = (
				DEDD1A4517EDF6A700C83517 /* EnumeratedSentence.cpp */,
				DEDD1A4617EDF6A700C83517 /* EnumeratedSentence.h */,
				DEDD1A4217EDF5A100C83517 /* FFTClassifier.cpp */,
				DEDD1A4317EDF5A100C83517 /* FFTClassifier.h */,
				DE6630E217EF459200EFE393 /* FloatingFloatBuffer.cpp */,
				DE6630E317EF459300EFE393 /* FloatingFloatBuffer.h */,
				DEDD1A3117E9C2AD00C83517 /* HMStringEnumerator.cpp */,
				DEDD1A3217E9C2AD00C83517 /* HMStringEnumerator.h */,
				DE9C17CA17F34F2A00418017 /* IClassifier.h */,
				DE9C17D017F44B7400418017 /* IEvaluationFramework.h */,
				DE9C17CE17F447A700418017 /* IMetaClassifier.h */,
				DE9648D117E8CE9600BE46A5 /* ISentenceSource.h */,
				DEDD1A3017E9C17600C83517 /* IStringEnumerator.h */,
				DE9648D217E8CF6D00BE46A5 /* IToken.h */,
				DE9648D317E8CFF100BE46A5 /* ITokenizer.h */,
				DE9AAA4817F4DB5100531FCE /* KCrossEvaluator.cpp */,
				DE9AAA4917F4DB5100531FCE /* KCrossEvaluator.h */,
				DE9C17CF17F449B800418017 /* LengthMetaClassifier.h */,
				DE9648BF17E89B3300BE46A5 /* Sentiment.cpp */,
				DE9648C817E89B9A00BE46A5 /* PLSentenceSource.cpp */,
				DE9648C917E89B9A00BE46A5 /* PLSentenceSource.h */,
				DE9C17D117F44E2F00418017 /* SelfEvaluationFramework.h */,
				DE9648CE17E8CCF500BE46A5 /* Sentence.cpp */,
				DE9648CF17E8CCF500BE46A5 /* Sentence.h */,
				DE9648C117E89B3300BE46A5 /* Sentiment.1 */,
				DEDD1A3417EDC2B600C83517 /* SentiWordNet_3.0.0_20120510.txt */,
				DEDD1A3617EDC2EF00C83517 /* SentiWordScorer.cpp */,
				DEDD1A3717EDC2EF00C83517 /* SentiWordScorer.h */,
				DE9C17CB17F380AE00418017 /* SignMetaClassifier.cpp */,
				DE9C17CC17F380AE00418017 /* SignMetaClassifier.h */,
				DEDD1A3C17EDEEF600C83517 /* TokenizedSentence.cpp */,
				DEDD1A3D17EDEEF600C83517 /* TokenizedSentence.h */,
				DE9648D717E8D19B00BE46A5 /* WhitespaceTokenizer.cpp */,
				DE9648D817E8D19B00BE46A5 /* WhitespaceTokenizer.h */,
				DE9648D417E8D07000BE46A5 /* WordToken.cpp */,
				DE9648D517E8D07000BE46A5 /* WordToken.h */,
				DE9AAA4B17F59B1D00531FCE /* SentiWordTokenizer.cpp */,
				DE9AAA4C17F59B1D00531FCE /* SentiWordTokenizer.h */,
				DE9AAA4E17F5A7AB00531FCE /* SentiWordNetReader.cpp */,
				DE9AAA4F17F5A7AC00531FCE /* SentiWordNetReader.h */,
				DEAC8AE917F5E364009888C6 /* Evolver.cpp */,
				DEAC8AEA17F5E364009888C6 /* Evolver.h */,
				DEAC8B5517F96B54009888C6 /* ExportedGenomeScorer.cpp */,
				DEAC8B5617F96B55009888C6 /* ExportedGenomeScorer.h */,
			);
			path = Sentiment;
			sourceTree = "<group>";
		};
		DEAC8AEC17F73661009888C6 /* randomc */ = {
			isa = PBXGroup;
			children = (
				DEAC8AED17F73662009888C6 /* ex-ran.cpp */,
				DEAC8AEE17F73662009888C6 /* license.txt */,
				DEAC8AEF17F73662009888C6 /* mersenne.cpp */,
				DEAC8AF017F73662009888C6 /* mother.cpp */,
				DEAC8AF117F73662009888C6 /* ran-instructions.pdf */,
				DEAC8AF217F73662009888C6 /* rancombi.cpp */,
				DEAC8AF317F73662009888C6 /* randomc.h */,
				DEAC8AF417F73662009888C6 /* readme.txt */,
				DEAC8AF517F73662009888C6 /* sfmt.cpp */,
				DEAC8AF617F73662009888C6 /* sfmt.h */,
				DEAC8AF717F73662009888C6 /* testirandomx.cpp */,
				DEAC8AF817F73662009888C6 /* userintf.cpp */,
			);
			path = randomc;
			sourceTree = "<group>";
		};
		DEAC8B3B17F9699B009888C6 /* GenomeDemo */ = {
			isa = PBXGroup;
			children = (
				DEAC8B3C17F9699B009888C6 /* main.cpp */,
				DEAC8B3E17F9699B009888C6 /* GenomeDemo.1 */,
			);
			path = GenomeDemo;
			sourceTree = "<group>";
		};
/* End PBXGroup section */

/* Begin PBXHeadersBuildPhase section */
		DE4D351517FB211E00B878A5 /* Headers */ = {
			isa = PBXHeadersBuildPhase;
			buildActionMask = 2147483647;
			files = (
			);
			runOnlyForDeploymentPostprocessing = 0;
		};
/* End PBXHeadersBuildPhase section */

/* Begin PBXNativeTarget section */
		DE4D351617FB211E00B878A5 /* Nebraska */ = {
			isa = PBXNativeTarget;
			buildConfigurationList = DE4D351817FB211F00B878A5 /* Build configuration list for PBXNativeTarget "Nebraska" */;
			buildPhases = (
				DE4D351317FB211E00B878A5 /* Sources */,
				DE4D351417FB211E00B878A5 /* Frameworks */,
				DE4D351517FB211E00B878A5 /* Headers */,
			);
			buildRules = (
			);
			dependencies = (
			);
			name = Nebraska;
			productName = Nebraska;
			productReference = DE4D351717FB211E00B878A5 /* libNebraska.dylib */;
			productType = "com.apple.product-type.library.dynamic";
		};
		DE9648BA17E89B3300BE46A5 /* Sentiment */ = {
			isa = PBXNativeTarget;
			buildConfigurationList = DE9648C517E89B3300BE46A5 /* Build configuration list for PBXNativeTarget "Sentiment" */;
			buildPhases = (
				DE9648B717E89B3300BE46A5 /* Sources */,
				DE9648B817E89B3300BE46A5 /* Frameworks */,
				DE9648B917E89B3300BE46A5 /* Copy Files */,
				DE9648CC17E8AE8100BE46A5 /* Copy Files */,
			);
			buildRules = (
			);
			dependencies = (
				DE4D352F17FB218000B878A5 /* PBXTargetDependency */,
			);
			name = Sentiment;
			productName = Sentiment;
			productReference = DE9648BB17E89B3300BE46A5 /* Sentiment */;
			productType = "com.apple.product-type.tool";
		};
		DEAC8B3917F9699B009888C6 /* GenomeDemo */ = {
			isa = PBXNativeTarget;
			buildConfigurationList = DEAC8B4017F9699B009888C6 /* Build configuration list for PBXNativeTarget "GenomeDemo" */;
			buildPhases = (
				DEAC8B3617F9699B009888C6 /* Sources */,
				DEAC8B3717F9699B009888C6 /* Frameworks */,
				DEAC8B3817F9699B009888C6 /* CopyFiles */,
			);
			buildRules = (
			);
			dependencies = (
			);
			name = GenomeDemo;
			productName = GenomeDemo;
			productReference = DEAC8B3A17F9699B009888C6 /* GenomeDemo */;
			productType = "com.apple.product-type.tool";
		};
/* End PBXNativeTarget section */

/* Begin PBXProject section */
		DE9648B217E89B3300BE46A5 /* Project object */ = {
			isa = PBXProject;
			attributes = {
				LastUpgradeCheck = 0460;
				ORGANIZATIONNAME = "Richard Townsend";
			};
			buildConfigurationList = DE9648B517E89B3300BE46A5 /* Build configuration list for PBXProject "Sentiment" */;
			compatibilityVersion = "Xcode 3.2";
			developmentRegion = English;
			hasScannedForEncodings = 0;
			knownRegions = (
				en,
			);
			mainGroup = DE9648B017E89B3300BE46A5;
			productRefGroup = DE9648BC17E89B3300BE46A5 /* Products */;
			projectDirPath = "";
			projectRoot = "";
			targets = (
				DE9648BA17E89B3300BE46A5 /* Sentiment */,
				DEAC8B3917F9699B009888C6 /* GenomeDemo */,
				DE4D351617FB211E00B878A5 /* Nebraska */,
			);
		};
/* End PBXProject section */

/* Begin PBXSourcesBuildPhase section */
		DE4D351317FB211E00B878A5 /* Sources */ = {
			isa = PBXSourcesBuildPhase;
			buildActionMask = 2147483647;
			files = (
				DE4D351F17FB215D00B878A5 /* sfmt.cpp in Sources */,
				DE4D352017FB215D00B878A5 /* KCrossEvaluator.cpp in Sources */,
				DE4D352117FB215D00B878A5 /* PLSentenceSource.cpp in Sources */,
				DE4D352217FB215D00B878A5 /* Sentence.cpp in Sources */,
				DE4D352317FB215D00B878A5 /* SentiWordScorer.cpp in Sources */,
				DE4D352417FB215D00B878A5 /* SignMetaClassifier.cpp in Sources */,
				DE4D352517FB215D00B878A5 /* TokenizedSentence.cpp in Sources */,
				DE4D352617FB215D00B878A5 /* WhitespaceTokenizer.cpp in Sources */,
				DE4D352717FB215D00B878A5 /* WordToken.cpp in Sources */,
				DE4D352817FB215D00B878A5 /* SentiWordTokenizer.cpp in Sources */,
				DE4D352917FB215D00B878A5 /* SentiWordNetReader.cpp in Sources */,
				DE4D352A17FB215D00B878A5 /* Evolver.cpp in Sources */,
				DE4D352B17FB215D00B878A5 /* ExportedGenomeScorer.cpp in Sources */,
				DE4D351B17FB213E00B878A5 /* EnumeratedSentence.cpp in Sources */,
				DE4D351C17FB213E00B878A5 /* FFTClassifier.cpp in Sources */,
				DE4D351D17FB213E00B878A5 /* FloatingFloatBuffer.cpp in Sources */,
				DE4D351E17FB213E00B878A5 /* HMStringEnumerator.cpp in Sources */,
			);
			runOnlyForDeploymentPostprocessing = 0;
		};
		DE9648B717E89B3300BE46A5 /* Sources */ = {
			isa = PBXSourcesBuildPhase;
			buildActionMask = 2147483647;
			files = (
				DE4D352C17FB216C00B878A5 /* Sentiment.cpp in Sources */,
			);
			runOnlyForDeploymentPostprocessing = 0;
		};
		DEAC8B3617F9699B009888C6 /* Sources */ = {
			isa = PBXSourcesBuildPhase;
			buildActionMask = 2147483647;
			files = (
				DEAC8B4317F96A2C009888C6 /* EnumeratedSentence.cpp in Sources */,
				DEAC8B4417F96A2C009888C6 /* FFTClassifier.cpp in Sources */,
				DEAC8B4517F96A2C009888C6 /* FloatingFloatBuffer.cpp in Sources */,
				DEAC8B4617F96A2C009888C6 /* HMStringEnumerator.cpp in Sources */,
				DEAC8B4717F96A2C009888C6 /* KCrossEvaluator.cpp in Sources */,
				DEAC8B4817F96A2C009888C6 /* PLSentenceSource.cpp in Sources */,
				DEAC8B4917F96A2C009888C6 /* Sentence.cpp in Sources */,
				DEAC8B4A17F96A2C009888C6 /* SentiWordScorer.cpp in Sources */,
				DEAC8B4B17F96A2C009888C6 /* SignMetaClassifier.cpp in Sources */,
				DEAC8B4C17F96A2C009888C6 /* TokenizedSentence.cpp in Sources */,
				DEAC8B4D17F96A2C009888C6 /* WhitespaceTokenizer.cpp in Sources */,
				DEAC8B4E17F96A2C009888C6 /* WordToken.cpp in Sources */,
				DEAC8B4F17F96A2C009888C6 /* SentiWordTokenizer.cpp in Sources */,
				DEAC8B5017F96A2C009888C6 /* SentiWordNetReader.cpp in Sources */,
				DEAC8B3D17F9699B009888C6 /* main.cpp in Sources */,
				DEAC8B5817F96D9F009888C6 /* ExportedGenomeScorer.cpp in Sources */,
			);
			runOnlyForDeploymentPostprocessing = 0;
		};
/* End PBXSourcesBuildPhase section */

/* Begin PBXTargetDependency section */
		DE4D352F17FB218000B878A5 /* PBXTargetDependency */ = {
			isa = PBXTargetDependency;
			target = DE4D351617FB211E00B878A5 /* Nebraska */;
			targetProxy = DE4D352E17FB218000B878A5 /* PBXContainerItemProxy */;
		};
/* End PBXTargetDependency section */

/* Begin XCBuildConfiguration section */
		DE4D351917FB211F00B878A5 /* Debug */ = {
			isa = XCBuildConfiguration;
			buildSettings = {
				CLANG_WARN_CONSTANT_CONVERSION = YES;
				CLANG_WARN_ENUM_CONVERSION = YES;
				CLANG_WARN_INT_CONVERSION = YES;
				EXECUTABLE_PREFIX = lib;
				GCC_OPTIMIZATION_LEVEL = 3;
				PRODUCT_NAME = "$(TARGET_NAME)";
			};
			name = Debug;
		};
		DE4D351A17FB211F00B878A5 /* Release */ = {
			isa = XCBuildConfiguration;
			buildSettings = {
				CLANG_WARN_CONSTANT_CONVERSION = YES;
				CLANG_WARN_ENUM_CONVERSION = YES;
				CLANG_WARN_INT_CONVERSION = YES;
				EXECUTABLE_PREFIX = lib;
				PRODUCT_NAME = "$(TARGET_NAME)";
			};
			name = Release;
		};
		DE9648C317E89B3300BE46A5 /* Debug */ = {
			isa = XCBuildConfiguration;
			buildSettings = {
				ALWAYS_SEARCH_USER_PATHS = NO;
				ARCHS = "$(ARCHS_STANDARD_64_BIT)";
				CLANG_ANALYZER_SECURITY_FLOATLOOPCOUNTER = YES;
				CLANG_ANALYZER_SECURITY_INSECUREAPI_RAND = YES;
				CLANG_ANALYZER_SECURITY_INSECUREAPI_STRCPY = YES;
				CLANG_CXX_LANGUAGE_STANDARD = "gnu++0x";
				CLANG_CXX_LIBRARY = "libc++";
				CLANG_WARN_EMPTY_BODY = YES;
				CLANG_WARN__DUPLICATE_METHOD_MATCH = YES;
				CLANG_WARN__EXIT_TIME_DESTRUCTORS = YES;
				COPY_PHASE_STRIP = NO;
				GCC_C_LANGUAGE_STANDARD = gnu99;
				GCC_DYNAMIC_NO_PIC = NO;
				GCC_ENABLE_OBJC_EXCEPTIONS = YES;
				GCC_OPTIMIZATION_LEVEL = 3;
				GCC_PREPROCESSOR_DEFINITIONS = (
					"DEBUG=1",
					"$(inherited)",
				);
				GCC_SYMBOLS_PRIVATE_EXTERN = NO;
				GCC_WARN_64_TO_32_BIT_CONVERSION = YES;
				GCC_WARN_ABOUT_RETURN_TYPE = YES;
				GCC_WARN_NON_VIRTUAL_DESTRUCTOR = YES;
				GCC_WARN_UNINITIALIZED_AUTOS = YES;
				GCC_WARN_UNUSED_VARIABLE = YES;
				MACOSX_DEPLOYMENT_TARGET = 10.8;
				ONLY_ACTIVE_ARCH = YES;
				"OTHER_CPLUSPLUSFLAGS[arch=*]" = "$(OTHER_CFLAGS)";
				SDKROOT = macosx;
			};
			name = Debug;
		};
		DE9648C417E89B3300BE46A5 /* Release */ = {
			isa = XCBuildConfiguration;
			buildSettings = {
				ALWAYS_SEARCH_USER_PATHS = NO;
				ARCHS = "$(ARCHS_STANDARD_64_BIT)";
				CLANG_ANALYZER_SECURITY_FLOATLOOPCOUNTER = YES;
				CLANG_ANALYZER_SECURITY_INSECUREAPI_RAND = YES;
				CLANG_ANALYZER_SECURITY_INSECUREAPI_STRCPY = YES;
				CLANG_CXX_LANGUAGE_STANDARD = "gnu++0x";
				CLANG_CXX_LIBRARY = "libc++";
				CLANG_WARN_EMPTY_BODY = YES;
				CLANG_WARN__DUPLICATE_METHOD_MATCH = YES;
				CLANG_WARN__EXIT_TIME_DESTRUCTORS = YES;
				COPY_PHASE_STRIP = YES;
				DEBUG_INFORMATION_FORMAT = "dwarf-with-dsym";
				GCC_C_LANGUAGE_STANDARD = gnu99;
				GCC_ENABLE_OBJC_EXCEPTIONS = YES;
				GCC_OPTIMIZATION_LEVEL = 3;
				GCC_WARN_64_TO_32_BIT_CONVERSION = YES;
				GCC_WARN_ABOUT_RETURN_TYPE = YES;
				GCC_WARN_NON_VIRTUAL_DESTRUCTOR = YES;
				GCC_WARN_UNINITIALIZED_AUTOS = YES;
				GCC_WARN_UNUSED_VARIABLE = YES;
				MACOSX_DEPLOYMENT_TARGET = 10.8;
				SDKROOT = macosx;
			};
			name = Release;
		};
		DE9648C617E89B3300BE46A5 /* Debug */ = {
			isa = XCBuildConfiguration;
			buildSettings = {
				PRODUCT_NAME = "$(TARGET_NAME)";
			};
			name = Debug;
		};
		DE9648C717E89B3300BE46A5 /* Release */ = {
			isa = XCBuildConfiguration;
			buildSettings = {
				PRODUCT_NAME = "$(TARGET_NAME)";
			};
			name = Release;
		};
		DEAC8B4117F9699B009888C6 /* Debug */ = {
			isa = XCBuildConfiguration;
			buildSettings = {
				CLANG_WARN_CONSTANT_CONVERSION = YES;
				CLANG_WARN_ENUM_CONVERSION = YES;
				CLANG_WARN_INT_CONVERSION = YES;
				GCC_OPTIMIZATION_LEVEL = 0;
				PRODUCT_NAME = "$(TARGET_NAME)";
			};
			name = Debug;
		};
		DEAC8B4217F9699B009888C6 /* Release */ = {
			isa = XCBuildConfiguration;
			buildSettings = {
				CLANG_WARN_CONSTANT_CONVERSION = YES;
				CLANG_WARN_ENUM_CONVERSION = YES;
				CLANG_WARN_INT_CONVERSION = YES;
				GCC_OPTIMIZATION_LEVEL = 0;
				PRODUCT_NAME = "$(TARGET_NAME)";
			};
			name = Release;
		};
/* End XCBuildConfiguration section */

/* Begin XCConfigurationList section */
		DE4D351817FB211F00B878A5 /* Build configuration list for PBXNativeTarget "Nebraska" */ = {
			isa = XCConfigurationList;
			buildConfigurations = (
				DE4D351917FB211F00B878A5 /* Debug */,
				DE4D351A17FB211F00B878A5 /* Release */,
			);
			defaultConfigurationIsVisible = 0;
		};
		DE9648B517E89B3300BE46A5 /* Build configuration list for PBXProject "Sentiment" */ = {
			isa = XCConfigurationList;
			buildConfigurations = (
				DE9648C317E89B3300BE46A5 /* Debug */,
				DE9648C417E89B3300BE46A5 /* Release */,
			);
			defaultConfigurationIsVisible = 0;
			defaultConfigurationName = Release;
		};
		DE9648C517E89B3300BE46A5 /* Build configuration list for PBXNativeTarget "Sentiment" */ = {
			isa = XCConfigurationList;
			buildConfigurations = (
				DE9648C617E89B3300BE46A5 /* Debug */,
				DE9648C717E89B3300BE46A5 /* Release */,
			);
			defaultConfigurationIsVisible = 0;
			defaultConfigurationName = Release;
		};
		DEAC8B4017F9699B009888C6 /* Build configuration list for PBXNativeTarget "GenomeDemo" */ = {
			isa = XCConfigurationList;
			buildConfigurations = (
				DEAC8B4117F9699B009888C6 /* Debug */,
				DEAC8B4217F9699B009888C6 /* Release */,
			);
			defaultConfigurationIsVisible = 0;
			defaultConfigurationName = Release;
		};
/* End XCConfigurationList section */
	};
	rootObject = DE9648B217E89B3300BE46A5 /* Project object */;
}
