// !$*UTF8*$!
{
	archiveVersion = 1;
	classes = {
	};
	objectVersion = 46;
	objects = {

/* Begin PBXBuildFile section */
		DE6630E417EF459300EFE393 /* FloatingFloatBuffer.cpp in Sources */ = {isa = PBXBuildFile; fileRef = DE6630E217EF459200EFE393 /* FloatingFloatBuffer.cpp */; };
		DE9648C017E89B3300BE46A5 /* main.cpp in Sources */ = {isa = PBXBuildFile; fileRef = DE9648BF17E89B3300BE46A5 /* main.cpp */; };
		DE9648C217E89B3300BE46A5 /* Sentiment.1 in CopyFiles */ = {isa = PBXBuildFile; fileRef = DE9648C117E89B3300BE46A5 /* Sentiment.1 */; };
		DE9648CA17E89B9A00BE46A5 /* PLSentenceSource.cpp in Sources */ = {isa = PBXBuildFile; fileRef = DE9648C817E89B9A00BE46A5 /* PLSentenceSource.cpp */; };
		DE9648CD17E8AEA100BE46A5 /* sentences.csv in Copy Files */ = {isa = PBXBuildFile; fileRef = DE9648CB17E8AAFA00BE46A5 /* sentences.csv */; };
		DE9648D017E8CCF500BE46A5 /* Sentence.cpp in Sources */ = {isa = PBXBuildFile; fileRef = DE9648CE17E8CCF500BE46A5 /* Sentence.cpp */; };
		DE9648D617E8D07000BE46A5 /* WordToken.cpp in Sources */ = {isa = PBXBuildFile; fileRef = DE9648D417E8D07000BE46A5 /* WordToken.cpp */; };
		DE9648D917E8D19B00BE46A5 /* WhitespaceTokenizer.cpp in Sources */ = {isa = PBXBuildFile; fileRef = DE9648D717E8D19B00BE46A5 /* WhitespaceTokenizer.cpp */; };
		DE9C17CD17F380AE00418017 /* SignMetaClassifier.cpp in Sources */ = {isa = PBXBuildFile; fileRef = DE9C17CB17F380AE00418017 /* SignMetaClassifier.cpp */; };
		DE9C17D317F45BA000418017 /* fft.c in Sources */ = {isa = PBXBuildFile; fileRef = DE9C17D217F45BA000418017 /* fft.c */; };
		DEDD1A3317E9C2AD00C83517 /* HMStringEnumerator.cpp in Sources */ = {isa = PBXBuildFile; fileRef = DEDD1A3117E9C2AD00C83517 /* HMStringEnumerator.cpp */; };
		DEDD1A3517EDC2C600C83517 /* SentiWordNet_3.0.0_20120510.txt in Copy Files */ = {isa = PBXBuildFile; fileRef = DEDD1A3417EDC2B600C83517 /* SentiWordNet_3.0.0_20120510.txt */; };
		DEDD1A3817EDC2F000C83517 /* SentiWordScorer.cpp in Sources */ = {isa = PBXBuildFile; fileRef = DEDD1A3617EDC2EF00C83517 /* SentiWordScorer.cpp */; };
		DEDD1A3E17EDEEF600C83517 /* TokenizedSentence.cpp in Sources */ = {isa = PBXBuildFile; fileRef = DEDD1A3C17EDEEF600C83517 /* TokenizedSentence.cpp */; };
		DEDD1A4417EDF5A100C83517 /* FFTClassifier.cpp in Sources */ = {isa = PBXBuildFile; fileRef = DEDD1A4217EDF5A100C83517 /* FFTClassifier.cpp */; };
		DEDD1A4717EDF6A700C83517 /* EnumeratedSentence.cpp in Sources */ = {isa = PBXBuildFile; fileRef = DEDD1A4517EDF6A700C83517 /* EnumeratedSentence.cpp */; };
/* End PBXBuildFile section */

/* Begin PBXCopyFilesBuildPhase section */
		DE9648B917E89B3300BE46A5 /* CopyFiles */ = {
			isa = PBXCopyFilesBuildPhase;
			buildActionMask = 2147483647;
			dstPath = /usr/share/man/man1/;
			dstSubfolderSpec = 0;
			files = (
				DE9648C217E89B3300BE46A5 /* Sentiment.1 in CopyFiles */,
			);
			runOnlyForDeploymentPostprocessing = 1;
		};
		DE9648CC17E8AE8100BE46A5 /* Copy Files */ = {
			isa = PBXCopyFilesBuildPhase;
			buildActionMask = 12;
			dstPath = "";
			dstSubfolderSpec = 7;
			files = (
				DEDD1A3517EDC2C600C83517 /* SentiWordNet_3.0.0_20120510.txt in Copy Files */,
				DE9648CD17E8AEA100BE46A5 /* sentences.csv in Copy Files */,
			);
			name = "Copy Files";
			runOnlyForDeploymentPostprocessing = 0;
		};
/* End PBXCopyFilesBuildPhase section */

/* Begin PBXFileReference section */
		DE6630E217EF459200EFE393 /* FloatingFloatBuffer.cpp */ = {isa = PBXFileReference; fileEncoding = 4; lastKnownFileType = sourcecode.cpp.cpp; path = FloatingFloatBuffer.cpp; sourceTree = "<group>"; };
		DE6630E317EF459300EFE393 /* FloatingFloatBuffer.h */ = {isa = PBXFileReference; fileEncoding = 4; lastKnownFileType = sourcecode.c.h; path = FloatingFloatBuffer.h; sourceTree = "<group>"; };
		DE9648BB17E89B3300BE46A5 /* Sentiment */ = {isa = PBXFileReference; explicitFileType = "compiled.mach-o.executable"; includeInIndex = 0; path = Sentiment; sourceTree = BUILT_PRODUCTS_DIR; };
		DE9648BF17E89B3300BE46A5 /* main.cpp */ = {isa = PBXFileReference; lastKnownFileType = sourcecode.cpp.cpp; path = main.cpp; sourceTree = "<group>"; };
		DE9648C117E89B3300BE46A5 /* Sentiment.1 */ = {isa = PBXFileReference; lastKnownFileType = text.man; path = Sentiment.1; sourceTree = "<group>"; };
		DE9648C817E89B9A00BE46A5 /* PLSentenceSource.cpp */ = {isa = PBXFileReference; fileEncoding = 4; lastKnownFileType = sourcecode.cpp.cpp; path = PLSentenceSource.cpp; sourceTree = "<group>"; };
		DE9648C917E89B9A00BE46A5 /* PLSentenceSource.h */ = {isa = PBXFileReference; fileEncoding = 4; lastKnownFileType = sourcecode.c.h; path = PLSentenceSource.h; sourceTree = "<group>"; };
		DE9648CB17E8AAFA00BE46A5 /* sentences.csv */ = {isa = PBXFileReference; fileEncoding = 4; lastKnownFileType = text; path = sentences.csv; sourceTree = "<group>"; };
		DE9648CE17E8CCF500BE46A5 /* Sentence.cpp */ = {isa = PBXFileReference; fileEncoding = 4; lastKnownFileType = sourcecode.cpp.cpp; path = Sentence.cpp; sourceTree = "<group>"; };
		DE9648CF17E8CCF500BE46A5 /* Sentence.h */ = {isa = PBXFileReference; fileEncoding = 4; lastKnownFileType = sourcecode.c.h; path = Sentence.h; sourceTree = "<group>"; };
		DE9648D117E8CE9600BE46A5 /* ISentenceSource.h */ = {isa = PBXFileReference; fileEncoding = 4; lastKnownFileType = sourcecode.c.h; path = ISentenceSource.h; sourceTree = "<group>"; };
		DE9648D217E8CF6D00BE46A5 /* IToken.h */ = {isa = PBXFileReference; lastKnownFileType = sourcecode.c.h; path = IToken.h; sourceTree = "<group>"; };
		DE9648D317E8CFF100BE46A5 /* ITokenizer.h */ = {isa = PBXFileReference; lastKnownFileType = sourcecode.c.h; path = ITokenizer.h; sourceTree = "<group>"; };
		DE9648D417E8D07000BE46A5 /* WordToken.cpp */ = {isa = PBXFileReference; fileEncoding = 4; lastKnownFileType = sourcecode.cpp.cpp; path = WordToken.cpp; sourceTree = "<group>"; };
		DE9648D517E8D07000BE46A5 /* WordToken.h */ = {isa = PBXFileReference; fileEncoding = 4; lastKnownFileType = sourcecode.c.h; path = WordToken.h; sourceTree = "<group>"; };
		DE9648D717E8D19B00BE46A5 /* WhitespaceTokenizer.cpp */ = {isa = PBXFileReference; fileEncoding = 4; lastKnownFileType = sourcecode.cpp.cpp; path = WhitespaceTokenizer.cpp; sourceTree = "<group>"; };
		DE9648D817E8D19B00BE46A5 /* WhitespaceTokenizer.h */ = {isa = PBXFileReference; fileEncoding = 4; lastKnownFileType = sourcecode.c.h; path = WhitespaceTokenizer.h; sourceTree = "<group>"; };
		DE9C17CA17F34F2A00418017 /* IClassifier.h */ = {isa = PBXFileReference; lastKnownFileType = sourcecode.c.h; path = IClassifier.h; sourceTree = "<group>"; };
		DE9C17CB17F380AE00418017 /* SignMetaClassifier.cpp */ = {isa = PBXFileReference; fileEncoding = 4; lastKnownFileType = sourcecode.cpp.cpp; path = SignMetaClassifier.cpp; sourceTree = "<group>"; };
		DE9C17CC17F380AE00418017 /* SignMetaClassifier.h */ = {isa = PBXFileReference; fileEncoding = 4; lastKnownFileType = sourcecode.c.h; path = SignMetaClassifier.h; sourceTree = "<group>"; };
		DE9C17CE17F447A700418017 /* IMetaClassifier.h */ = {isa = PBXFileReference; lastKnownFileType = sourcecode.c.h; path = IMetaClassifier.h; sourceTree = "<group>"; };
		DE9C17CF17F449B800418017 /* LengthMetaClassifier.h */ = {isa = PBXFileReference; lastKnownFileType = sourcecode.c.h; path = LengthMetaClassifier.h; sourceTree = "<group>"; };
		DE9C17D017F44B7400418017 /* IEvaluationFramework.h */ = {isa = PBXFileReference; lastKnownFileType = sourcecode.c.h; path = IEvaluationFramework.h; sourceTree = "<group>"; };
		DE9C17D117F44E2F00418017 /* SelfEvaluationFramework.h */ = {isa = PBXFileReference; lastKnownFileType = sourcecode.c.h; path = SelfEvaluationFramework.h; sourceTree = "<group>"; };
		DE9C17D217F45BA000418017 /* fft.c */ = {isa = PBXFileReference; fileEncoding = 4; lastKnownFileType = sourcecode.c.c; path = fft.c; sourceTree = "<group>"; };
		DEDD1A3017E9C17600C83517 /* IStringEnumerator.h */ = {isa = PBXFileReference; lastKnownFileType = sourcecode.c.h; path = IStringEnumerator.h; sourceTree = "<group>"; };
		DEDD1A3117E9C2AD00C83517 /* HMStringEnumerator.cpp */ = {isa = PBXFileReference; fileEncoding = 4; lastKnownFileType = sourcecode.cpp.cpp; path = HMStringEnumerator.cpp; sourceTree = "<group>"; };
		DEDD1A3217E9C2AD00C83517 /* HMStringEnumerator.h */ = {isa = PBXFileReference; fileEncoding = 4; lastKnownFileType = sourcecode.c.h; path = HMStringEnumerator.h; sourceTree = "<group>"; };
		DEDD1A3417EDC2B600C83517 /* SentiWordNet_3.0.0_20120510.txt */ = {isa = PBXFileReference; fileEncoding = 4; lastKnownFileType = text; path = SentiWordNet_3.0.0_20120510.txt; sourceTree = SOURCE_ROOT; };
		DEDD1A3617EDC2EF00C83517 /* SentiWordScorer.cpp */ = {isa = PBXFileReference; fileEncoding = 4; lastKnownFileType = sourcecode.cpp.cpp; path = SentiWordScorer.cpp; sourceTree = "<group>"; };
		DEDD1A3717EDC2EF00C83517 /* SentiWordScorer.h */ = {isa = PBXFileReference; fileEncoding = 4; lastKnownFileType = sourcecode.c.h; path = SentiWordScorer.h; sourceTree = "<group>"; };
		DEDD1A3C17EDEEF600C83517 /* TokenizedSentence.cpp */ = {isa = PBXFileReference; fileEncoding = 4; lastKnownFileType = sourcecode.cpp.cpp; name = TokenizedSentence.cpp; path = ../TokenizedSentence.cpp; sourceTree = "<group>"; };
		DEDD1A3D17EDEEF600C83517 /* TokenizedSentence.h */ = {isa = PBXFileReference; fileEncoding = 4; lastKnownFileType = sourcecode.c.h; name = TokenizedSentence.h; path = ../TokenizedSentence.h; sourceTree = "<group>"; };
		DEDD1A4217EDF5A100C83517 /* FFTClassifier.cpp */ = {isa = PBXFileReference; fileEncoding = 4; lastKnownFileType = sourcecode.cpp.cpp; path = FFTClassifier.cpp; sourceTree = "<group>"; };
		DEDD1A4317EDF5A100C83517 /* FFTClassifier.h */ = {isa = PBXFileReference; fileEncoding = 4; lastKnownFileType = sourcecode.c.h; path = FFTClassifier.h; sourceTree = "<group>"; };
		DEDD1A4517EDF6A700C83517 /* EnumeratedSentence.cpp */ = {isa = PBXFileReference; fileEncoding = 4; lastKnownFileType = sourcecode.cpp.cpp; path = EnumeratedSentence.cpp; sourceTree = "<group>"; };
		DEDD1A4617EDF6A700C83517 /* EnumeratedSentence.h */ = {isa = PBXFileReference; fileEncoding = 4; lastKnownFileType = sourcecode.c.h; path = EnumeratedSentence.h; sourceTree = "<group>"; };
/* End PBXFileReference section */

/* Begin PBXFrameworksBuildPhase section */
		DE9648B817E89B3300BE46A5 /* Frameworks */ = {
			isa = PBXFrameworksBuildPhase;
			buildActionMask = 2147483647;
			files = (
			);
			runOnlyForDeploymentPostprocessing = 0;
		};
/* End PBXFrameworksBuildPhase section */

/* Begin PBXGroup section */
		DE9648B017E89B3300BE46A5 = {
			isa = PBXGroup;
			children = (
				DE9648CB17E8AAFA00BE46A5 /* sentences.csv */,
				DE9648BE17E89B3300BE46A5 /* Sentiment */,
				DE9648BC17E89B3300BE46A5 /* Products */,
			);
			sourceTree = "<group>";
		};
		DE9648BC17E89B3300BE46A5 /* Products */ = {
			isa = PBXGroup;
			children = (
				DE9648BB17E89B3300BE46A5 /* Sentiment */,
			);
			name = Products;
			sourceTree = "<group>";
		};
		DE9648BE17E89B3300BE46A5 /* Sentiment */ = {
			isa = PBXGroup;
			children = (
				DE9C17CE17F447A700418017 /* IMetaClassifier.h */,
				DEDD1A4217EDF5A100C83517 /* FFTClassifier.cpp */,
				DEDD1A4317EDF5A100C83517 /* FFTClassifier.h */,
				DE9648C817E89B9A00BE46A5 /* PLSentenceSource.cpp */,
				DE9648C917E89B9A00BE46A5 /* PLSentenceSource.h */,
				DEDD1A3417EDC2B600C83517 /* SentiWordNet_3.0.0_20120510.txt */,
				DE9648BF17E89B3300BE46A5 /* main.cpp */,
				DEDD1A3017E9C17600C83517 /* IStringEnumerator.h */,
				DE9648C117E89B3300BE46A5 /* Sentiment.1 */,
				DEDD1A3C17EDEEF600C83517 /* TokenizedSentence.cpp */,
				DEDD1A3D17EDEEF600C83517 /* TokenizedSentence.h */,
				DE9648CE17E8CCF500BE46A5 /* Sentence.cpp */,
				DE9648CF17E8CCF500BE46A5 /* Sentence.h */,
				DE9648D117E8CE9600BE46A5 /* ISentenceSource.h */,
				DE9648D217E8CF6D00BE46A5 /* IToken.h */,
				DE9648D417E8D07000BE46A5 /* WordToken.cpp */,
				DE9648D517E8D07000BE46A5 /* WordToken.h */,
				DE9648D317E8CFF100BE46A5 /* ITokenizer.h */,
				DE9648D717E8D19B00BE46A5 /* WhitespaceTokenizer.cpp */,
				DE9648D817E8D19B00BE46A5 /* WhitespaceTokenizer.h */,
				DEDD1A3117E9C2AD00C83517 /* HMStringEnumerator.cpp */,
				DEDD1A3217E9C2AD00C83517 /* HMStringEnumerator.h */,
				DEDD1A3617EDC2EF00C83517 /* SentiWordScorer.cpp */,
				DEDD1A3717EDC2EF00C83517 /* SentiWordScorer.h */,
				DE6630E217EF459200EFE393 /* FloatingFloatBuffer.cpp */,
				DE6630E317EF459300EFE393 /* FloatingFloatBuffer.h */,
				DEDD1A4517EDF6A700C83517 /* EnumeratedSentence.cpp */,
				DEDD1A4617EDF6A700C83517 /* EnumeratedSentence.h */,
				DE9C17CA17F34F2A00418017 /* IClassifier.h */,
				DE9C17CB17F380AE00418017 /* SignMetaClassifier.cpp */,
				DE9C17CC17F380AE00418017 /* SignMetaClassifier.h */,
				DE9C17CF17F449B800418017 /* LengthMetaClassifier.h */,
				DE9C17D017F44B7400418017 /* IEvaluationFramework.h */,
				DE9C17D117F44E2F00418017 /* SelfEvaluationFramework.h */,
				DE9C17D217F45BA000418017 /* fft.c */,
			);
			path = Sentiment;
			sourceTree = "<group>";
		};
/* End PBXGroup section */

/* Begin PBXNativeTarget section */
		DE9648BA17E89B3300BE46A5 /* Sentiment */ = {
			isa = PBXNativeTarget;
			buildConfigurationList = DE9648C517E89B3300BE46A5 /* Build configuration list for PBXNativeTarget "Sentiment" */;
			buildPhases = (
				DE9648B717E89B3300BE46A5 /* Sources */,
				DE9648B817E89B3300BE46A5 /* Frameworks */,
				DE9648B917E89B3300BE46A5 /* CopyFiles */,
				DE9648CC17E8AE8100BE46A5 /* Copy Files */,
			);
			buildRules = (
			);
			dependencies = (
			);
			name = Sentiment;
			productName = Sentiment;
			productReference = DE9648BB17E89B3300BE46A5 /* Sentiment */;
			productType = "com.apple.product-type.tool";
		};
/* End PBXNativeTarget section */

/* Begin PBXProject section */
		DE9648B217E89B3300BE46A5 /* Project object */ = {
			isa = PBXProject;
			attributes = {
				LastUpgradeCheck = 0450;
				ORGANIZATIONNAME = "Richard Townsend";
			};
			buildConfigurationList = DE9648B517E89B3300BE46A5 /* Build configuration list for PBXProject "Sentiment" */;
			compatibilityVersion = "Xcode 3.2";
			developmentRegion = English;
			hasScannedForEncodings = 0;
			knownRegions = (
				en,
			);
			mainGroup = DE9648B017E89B3300BE46A5;
			productRefGroup = DE9648BC17E89B3300BE46A5 /* Products */;
			projectDirPath = "";
			projectRoot = "";
			targets = (
				DE9648BA17E89B3300BE46A5 /* Sentiment */,
			);
		};
/* End PBXProject section */

/* Begin PBXSourcesBuildPhase section */
		DE9648B717E89B3300BE46A5 /* Sources */ = {
			isa = PBXSourcesBuildPhase;
			buildActionMask = 2147483647;
			files = (
				DE9648C017E89B3300BE46A5 /* main.cpp in Sources */,
				DE9648CA17E89B9A00BE46A5 /* PLSentenceSource.cpp in Sources */,
				DE9648D017E8CCF500BE46A5 /* Sentence.cpp in Sources */,
				DE9648D617E8D07000BE46A5 /* WordToken.cpp in Sources */,
				DE9648D917E8D19B00BE46A5 /* WhitespaceTokenizer.cpp in Sources */,
				DEDD1A3317E9C2AD00C83517 /* HMStringEnumerator.cpp in Sources */,
				DEDD1A3817EDC2F000C83517 /* SentiWordScorer.cpp in Sources */,
				DEDD1A3E17EDEEF600C83517 /* TokenizedSentence.cpp in Sources */,
				DEDD1A4417EDF5A100C83517 /* FFTClassifier.cpp in Sources */,
				DEDD1A4717EDF6A700C83517 /* EnumeratedSentence.cpp in Sources */,
				DE6630E417EF459300EFE393 /* FloatingFloatBuffer.cpp in Sources */,
				DE9C17CD17F380AE00418017 /* SignMetaClassifier.cpp in Sources */,
				DE9C17D317F45BA000418017 /* fft.c in Sources */,
			);
			runOnlyForDeploymentPostprocessing = 0;
		};
/* End PBXSourcesBuildPhase section */

/* Begin XCBuildConfiguration section */
		DE9648C317E89B3300BE46A5 /* Debug */ = {
			isa = XCBuildConfiguration;
			buildSettings = {
				ALWAYS_SEARCH_USER_PATHS = NO;
				ARCHS = "$(ARCHS_STANDARD_64_BIT)";
				CLANG_CXX_LANGUAGE_STANDARD = "gnu++0x";
				CLANG_CXX_LIBRARY = "libc++";
				CLANG_WARN_EMPTY_BODY = YES;
				CLANG_WARN__DUPLICATE_METHOD_MATCH = YES;
				COPY_PHASE_STRIP = NO;
				GCC_C_LANGUAGE_STANDARD = gnu99;
				GCC_DYNAMIC_NO_PIC = NO;
				GCC_ENABLE_OBJC_EXCEPTIONS = YES;
				GCC_OPTIMIZATION_LEVEL = 0;
				GCC_PREPROCESSOR_DEFINITIONS = (
					"DEBUG=1",
					"$(inherited)",
				);
				GCC_SYMBOLS_PRIVATE_EXTERN = NO;
				GCC_WARN_64_TO_32_BIT_CONVERSION = YES;
				GCC_WARN_ABOUT_RETURN_TYPE = YES;
				GCC_WARN_UNINITIALIZED_AUTOS = YES;
				GCC_WARN_UNUSED_VARIABLE = YES;
				MACOSX_DEPLOYMENT_TARGET = 10.8;
				ONLY_ACTIVE_ARCH = YES;
				"OTHER_CPLUSPLUSFLAGS[arch=*]" = (
					"$(OTHER_CFLAGS)",
					"-ffast-math",
				);
				SDKROOT = macosx;
			};
			name = Debug;
		};
		DE9648C417E89B3300BE46A5 /* Release */ = {
			isa = XCBuildConfiguration;
			buildSettings = {
				ALWAYS_SEARCH_USER_PATHS = NO;
				ARCHS = "$(ARCHS_STANDARD_64_BIT)";
				CLANG_CXX_LANGUAGE_STANDARD = "gnu++0x";
				CLANG_CXX_LIBRARY = "libc++";
				CLANG_WARN_EMPTY_BODY = YES;
				CLANG_WARN__DUPLICATE_METHOD_MATCH = YES;
				COPY_PHASE_STRIP = YES;
				DEBUG_INFORMATION_FORMAT = "dwarf-with-dsym";
				GCC_C_LANGUAGE_STANDARD = gnu99;
				GCC_ENABLE_OBJC_EXCEPTIONS = YES;
				GCC_OPTIMIZATION_LEVEL = 3;
				GCC_WARN_64_TO_32_BIT_CONVERSION = YES;
				GCC_WARN_ABOUT_RETURN_TYPE = YES;
				GCC_WARN_UNINITIALIZED_AUTOS = YES;
				GCC_WARN_UNUSED_VARIABLE = YES;
				MACOSX_DEPLOYMENT_TARGET = 10.8;
				SDKROOT = macosx;
			};
			name = Release;
		};
		DE9648C617E89B3300BE46A5 /* Debug */ = {
			isa = XCBuildConfiguration;
			buildSettings = {
				PRODUCT_NAME = "$(TARGET_NAME)";
			};
			name = Debug;
		};
		DE9648C717E89B3300BE46A5 /* Release */ = {
			isa = XCBuildConfiguration;
			buildSettings = {
				PRODUCT_NAME = "$(TARGET_NAME)";
			};
			name = Release;
		};
/* End XCBuildConfiguration section */

/* Begin XCConfigurationList section */
		DE9648B517E89B3300BE46A5 /* Build configuration list for PBXProject "Sentiment" */ = {
			isa = XCConfigurationList;
			buildConfigurations = (
				DE9648C317E89B3300BE46A5 /* Debug */,
				DE9648C417E89B3300BE46A5 /* Release */,
			);
			defaultConfigurationIsVisible = 0;
			defaultConfigurationName = Release;
		};
		DE9648C517E89B3300BE46A5 /* Build configuration list for PBXNativeTarget "Sentiment" */ = {
			isa = XCConfigurationList;
			buildConfigurations = (
				DE9648C617E89B3300BE46A5 /* Debug */,
				DE9648C717E89B3300BE46A5 /* Release */,
			);
			defaultConfigurationIsVisible = 0;
			defaultConfigurationName = Release;
		};
/* End XCConfigurationList section */
	};
	rootObject = DE9648B217E89B3300BE46A5 /* Project object */;
}
